// !$*UTF8*$!
{
	archiveVersion = 1;
	classes = {
	};
	objectVersion = 56;
	objects = {

/* Begin PBXBuildFile section */
		8319F2582C125BE3004C6EE9 /* AppDelegate.swift in Sources */ = {isa = PBXBuildFile; fileRef = 8319F2572C125BE3004C6EE9 /* AppDelegate.swift */; };
		8319F25A2C125BE3004C6EE9 /* SceneDelegate.swift in Sources */ = {isa = PBXBuildFile; fileRef = 8319F2592C125BE3004C6EE9 /* SceneDelegate.swift */; };
		8319F25F2C125BE3004C6EE9 /* Base in Resources */ = {isa = PBXBuildFile; fileRef = 8319F25E2C125BE3004C6EE9 /* Base */; };
		8319F2612C125BE5004C6EE9 /* Assets.xcassets in Resources */ = {isa = PBXBuildFile; fileRef = 8319F2602C125BE5004C6EE9 /* Assets.xcassets */; };
		8319F2642C125BE5004C6EE9 /* Base in Resources */ = {isa = PBXBuildFile; fileRef = 8319F2632C125BE5004C6EE9 /* Base */; };
		8319F26C2C126C01004C6EE9 /* TableViewController.swift in Sources */ = {isa = PBXBuildFile; fileRef = 8319F26B2C126C01004C6EE9 /* TableViewController.swift */; };
		8355C9632C12702200448506 /* DetailDogViewController.swift in Sources */ = {isa = PBXBuildFile; fileRef = 8355C9622C12702200448506 /* DetailDogViewController.swift */; };
		8355C9652C12718700448506 /* MainTableViewCell.swift in Sources */ = {isa = PBXBuildFile; fileRef = 8355C9642C12718700448506 /* MainTableViewCell.swift */; };
		8355C9672C1272D000448506 /* Dog.swift in Sources */ = {isa = PBXBuildFile; fileRef = 8355C9662C1272D000448506 /* Dog.swift */; };
		8355C9692C13539300448506 /* FormViewController.swift in Sources */ = {isa = PBXBuildFile; fileRef = 8355C9682C13539300448506 /* FormViewController.swift */; };
		8355C96B2C136B2D00448506 /* WelcomeViewController.swift in Sources */ = {isa = PBXBuildFile; fileRef = 8355C96A2C136B2D00448506 /* WelcomeViewController.swift */; };
		8355C96D2C13735C00448506 /* UITextView.swift in Sources */ = {isa = PBXBuildFile; fileRef = 8355C96C2C13735C00448506 /* UITextView.swift */; };
/* End PBXBuildFile section */

/* Begin PBXFileReference section */
		8319F2542C125BE3004C6EE9 /* AdoptaUnPerroSwift.app */ = {isa = PBXFileReference; explicitFileType = wrapper.application; includeInIndex = 0; path = AdoptaUnPerroSwift.app; sourceTree = BUILT_PRODUCTS_DIR; };
		8319F2572C125BE3004C6EE9 /* AppDelegate.swift */ = {isa = PBXFileReference; lastKnownFileType = sourcecode.swift; path = AppDelegate.swift; sourceTree = "<group>"; };
		8319F2592C125BE3004C6EE9 /* SceneDelegate.swift */ = {isa = PBXFileReference; lastKnownFileType = sourcecode.swift; path = SceneDelegate.swift; sourceTree = "<group>"; };
		8319F25E2C125BE3004C6EE9 /* Base */ = {isa = PBXFileReference; lastKnownFileType = file.storyboard; name = Base; path = Base.lproj/Main.storyboard; sourceTree = "<group>"; };
		8319F2602C125BE5004C6EE9 /* Assets.xcassets */ = {isa = PBXFileReference; lastKnownFileType = folder.assetcatalog; path = Assets.xcassets; sourceTree = "<group>"; };
		8319F2632C125BE5004C6EE9 /* Base */ = {isa = PBXFileReference; lastKnownFileType = file.storyboard; name = Base; path = Base.lproj/LaunchScreen.storyboard; sourceTree = "<group>"; };
		8319F2652C125BE5004C6EE9 /* Info.plist */ = {isa = PBXFileReference; lastKnownFileType = text.plist.xml; path = Info.plist; sourceTree = "<group>"; };
		8319F26B2C126C01004C6EE9 /* TableViewController.swift */ = {isa = PBXFileReference; lastKnownFileType = sourcecode.swift; path = TableViewController.swift; sourceTree = "<group>"; };
		8355C9622C12702200448506 /* DetailDogViewController.swift */ = {isa = PBXFileReference; lastKnownFileType = sourcecode.swift; path = DetailDogViewController.swift; sourceTree = "<group>"; };
		8355C9642C12718700448506 /* MainTableViewCell.swift */ = {isa = PBXFileReference; lastKnownFileType = sourcecode.swift; path = MainTableViewCell.swift; sourceTree = "<group>"; };
		8355C9662C1272D000448506 /* Dog.swift */ = {isa = PBXFileReference; lastKnownFileType = sourcecode.swift; path = Dog.swift; sourceTree = "<group>"; };
		8355C9682C13539300448506 /* FormViewController.swift */ = {isa = PBXFileReference; lastKnownFileType = sourcecode.swift; path = FormViewController.swift; sourceTree = "<group>"; };
		8355C96A2C136B2D00448506 /* WelcomeViewController.swift */ = {isa = PBXFileReference; lastKnownFileType = sourcecode.swift; path = WelcomeViewController.swift; sourceTree = "<group>"; };
		8355C96C2C13735C00448506 /* UITextView.swift */ = {isa = PBXFileReference; lastKnownFileType = sourcecode.swift; path = UITextView.swift; sourceTree = "<group>"; };
/* End PBXFileReference section */

/* Begin PBXFrameworksBuildPhase section */
		8319F2512C125BE3004C6EE9 /* Frameworks */ = {
			isa = PBXFrameworksBuildPhase;
			buildActionMask = 2147483647;
			files = (
			);
			runOnlyForDeploymentPostprocessing = 0;
		};
/* End PBXFrameworksBuildPhase section */

/* Begin PBXGroup section */
		8319F24B2C125BE3004C6EE9 = {
			isa = PBXGroup;
			children = (
				8319F2562C125BE3004C6EE9 /* AdoptaUnPerroSwift */,
				8319F2552C125BE3004C6EE9 /* Products */,
			);
			sourceTree = "<group>";
		};
		8319F2552C125BE3004C6EE9 /* Products */ = {
			isa = PBXGroup;
			children = (
				8319F2542C125BE3004C6EE9 /* AdoptaUnPerroSwift.app */,
			);
			name = Products;
			sourceTree = "<group>";
		};
		8319F2562C125BE3004C6EE9 /* AdoptaUnPerroSwift */ = {
			isa = PBXGroup;
			children = (
				8319F2572C125BE3004C6EE9 /* AppDelegate.swift */,
				8319F2592C125BE3004C6EE9 /* SceneDelegate.swift */,
				8319F25D2C125BE3004C6EE9 /* Main.storyboard */,
				8319F2602C125BE5004C6EE9 /* Assets.xcassets */,
				8319F2622C125BE5004C6EE9 /* LaunchScreen.storyboard */,
				8319F2652C125BE5004C6EE9 /* Info.plist */,
				8319F26B2C126C01004C6EE9 /* TableViewController.swift */,
				8355C9622C12702200448506 /* DetailDogViewController.swift */,
				8355C9642C12718700448506 /* MainTableViewCell.swift */,
				8355C9662C1272D000448506 /* Dog.swift */,
				8355C9682C13539300448506 /* FormViewController.swift */,
				8355C96A2C136B2D00448506 /* WelcomeViewController.swift */,
				8355C96C2C13735C00448506 /* UITextView.swift */,
			);
			path = AdoptaUnPerroSwift;
			sourceTree = "<group>";
		};
/* End PBXGroup section */

/* Begin PBXNativeTarget section */
		8319F2532C125BE3004C6EE9 /* AdoptaUnPerroSwift */ = {
			isa = PBXNativeTarget;
			buildConfigurationList = 8319F2682C125BE5004C6EE9 /* Build configuration list for PBXNativeTarget "AdoptaUnPerroSwift" */;
			buildPhases = (
				8319F2502C125BE3004C6EE9 /* Sources */,
				8319F2512C125BE3004C6EE9 /* Frameworks */,
				8319F2522C125BE3004C6EE9 /* Resources */,
			);
			buildRules = (
			);
			dependencies = (
			);
			name = AdoptaUnPerroSwift;
			productName = AdoptaUnPerroSwift;
			productReference = 8319F2542C125BE3004C6EE9 /* AdoptaUnPerroSwift.app */;
			productType = "com.apple.product-type.application";
		};
/* End PBXNativeTarget section */

/* Begin PBXProject section */
		8319F24C2C125BE3004C6EE9 /* Project object */ = {
			isa = PBXProject;
			attributes = {
				BuildIndependentTargetsInParallel = 1;
				LastSwiftUpdateCheck = 1530;
				LastUpgradeCheck = 1530;
				TargetAttributes = {
					8319F2532C125BE3004C6EE9 = {
						CreatedOnToolsVersion = 15.3;
					};
				};
			};
			buildConfigurationList = 8319F24F2C125BE3004C6EE9 /* Build configuration list for PBXProject "AdoptaUnPerroSwift" */;
			compatibilityVersion = "Xcode 14.0";
			developmentRegion = en;
			hasScannedForEncodings = 0;
			knownRegions = (
				en,
				Base,
			);
			mainGroup = 8319F24B2C125BE3004C6EE9;
			productRefGroup = 8319F2552C125BE3004C6EE9 /* Products */;
			projectDirPath = "";
			projectRoot = "";
			targets = (
				8319F2532C125BE3004C6EE9 /* AdoptaUnPerroSwift */,
			);
		};
/* End PBXProject section */

/* Begin PBXResourcesBuildPhase section */
		8319F2522C125BE3004C6EE9 /* Resources */ = {
			isa = PBXResourcesBuildPhase;
			buildActionMask = 2147483647;
			files = (
				8319F2612C125BE5004C6EE9 /* Assets.xcassets in Resources */,
				8319F2642C125BE5004C6EE9 /* Base in Resources */,
				8319F25F2C125BE3004C6EE9 /* Base in Resources */,
			);
			runOnlyForDeploymentPostprocessing = 0;
		};
/* End PBXResourcesBuildPhase section */

/* Begin PBXSourcesBuildPhase section */
		8319F2502C125BE3004C6EE9 /* Sources */ = {
			isa = PBXSourcesBuildPhase;
			buildActionMask = 2147483647;
			files = (
				8355C9632C12702200448506 /* DetailDogViewController.swift in Sources */,
				8355C96B2C136B2D00448506 /* WelcomeViewController.swift in Sources */,
				8319F2582C125BE3004C6EE9 /* AppDelegate.swift in Sources */,
				8355C9692C13539300448506 /* FormViewController.swift in Sources */,
				8355C96D2C13735C00448506 /* UITextView.swift in Sources */,
				8355C9672C1272D000448506 /* Dog.swift in Sources */,
				8319F26C2C126C01004C6EE9 /* TableViewController.swift in Sources */,
				8319F25A2C125BE3004C6EE9 /* SceneDelegate.swift in Sources */,
				8355C9652C12718700448506 /* MainTableViewCell.swift in Sources */,
			);
			runOnlyForDeploymentPostprocessing = 0;
		};
/* End PBXSourcesBuildPhase section */

/* Begin PBXVariantGroup section */
		8319F25D2C125BE3004C6EE9 /* Main.storyboard */ = {
			isa = PBXVariantGroup;
			children = (
				8319F25E2C125BE3004C6EE9 /* Base */,
			);
			name = Main.storyboard;
			sourceTree = "<group>";
		};
		8319F2622C125BE5004C6EE9 /* LaunchScreen.storyboard */ = {
			isa = PBXVariantGroup;
			children = (
				8319F2632C125BE5004C6EE9 /* Base */,
			);
			name = LaunchScreen.storyboard;
			sourceTree = "<group>";
		};
/* End PBXVariantGroup section */

/* Begin XCBuildConfiguration section */
		8319F2662C125BE5004C6EE9 /* Debug */ = {
			isa = XCBuildConfiguration;
			buildSettings = {
				ALWAYS_SEARCH_USER_PATHS = NO;
				ASSETCATALOG_COMPILER_GENERATE_SWIFT_ASSET_SYMBOL_EXTENSIONS = YES;
				CLANG_ANALYZER_NONNULL = YES;
				CLANG_ANALYZER_NUMBER_OBJECT_CONVERSION = YES_AGGRESSIVE;
				CLANG_CXX_LANGUAGE_STANDARD = "gnu++20";
				CLANG_ENABLE_MODULES = YES;
				CLANG_ENABLE_OBJC_ARC = YES;
				CLANG_ENABLE_OBJC_WEAK = YES;
				CLANG_WARN_BLOCK_CAPTURE_AUTORELEASING = YES;
				CLANG_WARN_BOOL_CONVERSION = YES;
				CLANG_WARN_COMMA = YES;
				CLANG_WARN_CONSTANT_CONVERSION = YES;
				CLANG_WARN_DEPRECATED_OBJC_IMPLEMENTATIONS = YES;
				CLANG_WARN_DIRECT_OBJC_ISA_USAGE = YES_ERROR;
				CLANG_WARN_DOCUMENTATION_COMMENTS = YES;
				CLANG_WARN_EMPTY_BODY = YES;
				CLANG_WARN_ENUM_CONVERSION = YES;
				CLANG_WARN_INFINITE_RECURSION = YES;
				CLANG_WARN_INT_CONVERSION = YES;
				CLANG_WARN_NON_LITERAL_NULL_CONVERSION = YES;
				CLANG_WARN_OBJC_IMPLICIT_RETAIN_SELF = YES;
				CLANG_WARN_OBJC_LITERAL_CONVERSION = YES;
				CLANG_WARN_OBJC_ROOT_CLASS = YES_ERROR;
				CLANG_WARN_QUOTED_INCLUDE_IN_FRAMEWORK_HEADER = YES;
				CLANG_WARN_RANGE_LOOP_ANALYSIS = YES;
				CLANG_WARN_STRICT_PROTOTYPES = YES;
				CLANG_WARN_SUSPICIOUS_MOVE = YES;
				CLANG_WARN_UNGUARDED_AVAILABILITY = YES_AGGRESSIVE;
				CLANG_WARN_UNREACHABLE_CODE = YES;
				CLANG_WARN__DUPLICATE_METHOD_MATCH = YES;
				COPY_PHASE_STRIP = NO;
				DEBUG_INFORMATION_FORMAT = dwarf;
				ENABLE_STRICT_OBJC_MSGSEND = YES;
				ENABLE_TESTABILITY = YES;
				ENABLE_USER_SCRIPT_SANDBOXING = YES;
				GCC_C_LANGUAGE_STANDARD = gnu17;
				GCC_DYNAMIC_NO_PIC = NO;
				GCC_NO_COMMON_BLOCKS = YES;
				GCC_OPTIMIZATION_LEVEL = 0;
				GCC_PREPROCESSOR_DEFINITIONS = (
					"DEBUG=1",
					"$(inherited)",
				);
				GCC_WARN_64_TO_32_BIT_CONVERSION = YES;
				GCC_WARN_ABOUT_RETURN_TYPE = YES_ERROR;
				GCC_WARN_UNDECLARED_SELECTOR = YES;
				GCC_WARN_UNINITIALIZED_AUTOS = YES_AGGRESSIVE;
				GCC_WARN_UNUSED_FUNCTION = YES;
				GCC_WARN_UNUSED_VARIABLE = YES;
				IPHONEOS_DEPLOYMENT_TARGET = 17.4;
				LOCALIZATION_PREFERS_STRING_CATALOGS = YES;
				MTL_ENABLE_DEBUG_INFO = INCLUDE_SOURCE;
				MTL_FAST_MATH = YES;
				ONLY_ACTIVE_ARCH = YES;
				SDKROOT = iphoneos;
				SWIFT_ACTIVE_COMPILATION_CONDITIONS = "DEBUG $(inherited)";
				SWIFT_OPTIMIZATION_LEVEL = "-Onone";
			};
			name = Debug;
		};
		8319F2672C125BE5004C6EE9 /* Release */ = {
			isa = XCBuildConfiguration;
			buildSettings = {
				ALWAYS_SEARCH_USER_PATHS = NO;
				ASSETCATALOG_COMPILER_GENERATE_SWIFT_ASSET_SYMBOL_EXTENSIONS = YES;
				CLANG_ANALYZER_NONNULL = YES;
				CLANG_ANALYZER_NUMBER_OBJECT_CONVERSION = YES_AGGRESSIVE;
				CLANG_CXX_LANGUAGE_STANDARD = "gnu++20";
				CLANG_ENABLE_MODULES = YES;
				CLANG_ENABLE_OBJC_ARC = YES;
				CLANG_ENABLE_OBJC_WEAK = YES;
				CLANG_WARN_BLOCK_CAPTURE_AUTORELEASING = YES;
				CLANG_WARN_BOOL_CONVERSION = YES;
				CLANG_WARN_COMMA = YES;
				CLANG_WARN_CONSTANT_CONVERSION = YES;
				CLANG_WARN_DEPRECATED_OBJC_IMPLEMENTATIONS = YES;
				CLANG_WARN_DIRECT_OBJC_ISA_USAGE = YES_ERROR;
				CLANG_WARN_DOCUMENTATION_COMMENTS = YES;
				CLANG_WARN_EMPTY_BODY = YES;
				CLANG_WARN_ENUM_CONVERSION = YES;
				CLANG_WARN_INFINITE_RECURSION = YES;
				CLANG_WARN_INT_CONVERSION = YES;
				CLANG_WARN_NON_LITERAL_NULL_CONVERSION = YES;
				CLANG_WARN_OBJC_IMPLICIT_RETAIN_SELF = YES;
				CLANG_WARN_OBJC_LITERAL_CONVERSION = YES;
				CLANG_WARN_OBJC_ROOT_CLASS = YES_ERROR;
				CLANG_WARN_QUOTED_INCLUDE_IN_FRAMEWORK_HEADER = YES;
				CLANG_WARN_RANGE_LOOP_ANALYSIS = YES;
				CLANG_WARN_STRICT_PROTOTYPES = YES;
				CLANG_WARN_SUSPICIOUS_MOVE = YES;
				CLANG_WARN_UNGUARDED_AVAILABILITY = YES_AGGRESSIVE;
				CLANG_WARN_UNREACHABLE_CODE = YES;
				CLANG_WARN__DUPLICATE_METHOD_MATCH = YES;
				COPY_PHASE_STRIP = NO;
				DEBUG_INFORMATION_FORMAT = "dwarf-with-dsym";
				ENABLE_NS_ASSERTIONS = NO;
				ENABLE_STRICT_OBJC_MSGSEND = YES;
				ENABLE_USER_SCRIPT_SANDBOXING = YES;
				GCC_C_LANGUAGE_STANDARD = gnu17;
				GCC_NO_COMMON_BLOCKS = YES;
				GCC_WARN_64_TO_32_BIT_CONVERSION = YES;
				GCC_WARN_ABOUT_RETURN_TYPE = YES_ERROR;
				GCC_WARN_UNDECLARED_SELECTOR = YES;
				GCC_WARN_UNINITIALIZED_AUTOS = YES_AGGRESSIVE;
				GCC_WARN_UNUSED_FUNCTION = YES;
				GCC_WARN_UNUSED_VARIABLE = YES;
				IPHONEOS_DEPLOYMENT_TARGET = 17.4;
				LOCALIZATION_PREFERS_STRING_CATALOGS = YES;
				MTL_ENABLE_DEBUG_INFO = NO;
				MTL_FAST_MATH = YES;
				SDKROOT = iphoneos;
				SWIFT_COMPILATION_MODE = wholemodule;
				VALIDATE_PRODUCT = YES;
			};
			name = Release;
		};
		8319F2692C125BE5004C6EE9 /* Debug */ = {
			isa = XCBuildConfiguration;
			buildSettings = {
				ASSETCATALOG_COMPILER_APPICON_NAME = AppIcon;
				ASSETCATALOG_COMPILER_GLOBAL_ACCENT_COLOR_NAME = AccentColor;
				CODE_SIGN_STYLE = Automatic;
				CURRENT_PROJECT_VERSION = 1;
				GENERATE_INFOPLIST_FILE = YES;
				INFOPLIST_FILE = AdoptaUnPerroSwift/Info.plist;
				INFOPLIST_KEY_UIApplicationSupportsIndirectInputEvents = YES;
				INFOPLIST_KEY_UILaunchStoryboardName = LaunchScreen;
				INFOPLIST_KEY_UIMainStoryboardFile = Main;
				INFOPLIST_KEY_UISupportedInterfaceOrientations_iPad = "UIInterfaceOrientationPortrait UIInterfaceOrientationPortraitUpsideDown UIInterfaceOrientationLandscapeLeft UIInterfaceOrientationLandscapeRight";
				INFOPLIST_KEY_UISupportedInterfaceOrientations_iPhone = "UIInterfaceOrientationPortrait UIInterfaceOrientationLandscapeLeft UIInterfaceOrientationLandscapeRight";
				LD_RUNPATH_SEARCH_PATHS = (
					"$(inherited)",
					"@executable_path/Frameworks",
				);
				MARKETING_VERSION = 1.0;
				PRODUCT_BUNDLE_IDENTIFIER = upsa.AdoptaUnPerroSwift;
				PRODUCT_NAME = "$(TARGET_NAME)";
				SWIFT_EMIT_LOC_STRINGS = YES;
				SWIFT_VERSION = 5.0;
				TARGETED_DEVICE_FAMILY = "1,2";
			};
			name = Debug;
		};
		8319F26A2C125BE5004C6EE9 /* Release */ = {
			isa = XCBuildConfiguration;
			buildSettings = {
				ASSETCATALOG_COMPILER_APPICON_NAME = AppIcon;
				ASSETCATALOG_COMPILER_GLOBAL_ACCENT_COLOR_NAME = AccentColor;
				CODE_SIGN_STYLE = Automatic;
				CURRENT_PROJECT_VERSION = 1;
				GENERATE_INFOPLIST_FILE = YES;
				INFOPLIST_FILE = AdoptaUnPerroSwift/Info.plist;
				INFOPLIST_KEY_UIApplicationSupportsIndirectInputEvents = YES;
				INFOPLIST_KEY_UILaunchStoryboardName = LaunchScreen;
				INFOPLIST_KEY_UIMainStoryboardFile = Main;
				INFOPLIST_KEY_UISupportedInterfaceOrientations_iPad = "UIInterfaceOrientationPortrait UIInterfaceOrientationPortraitUpsideDown UIInterfaceOrientationLandscapeLeft UIInterfaceOrientationLandscapeRight";
				INFOPLIST_KEY_UISupportedInterfaceOrientations_iPhone = "UIInterfaceOrientationPortrait UIInterfaceOrientationLandscapeLeft UIInterfaceOrientationLandscapeRight";
				LD_RUNPATH_SEARCH_PATHS = (
					"$(inherited)",
					"@executable_path/Frameworks",
				);
				MARKETING_VERSION = 1.0;
				PRODUCT_BUNDLE_IDENTIFIER = upsa.AdoptaUnPerroSwift;
				PRODUCT_NAME = "$(TARGET_NAME)";
				SWIFT_EMIT_LOC_STRINGS = YES;
				SWIFT_VERSION = 5.0;
				TARGETED_DEVICE_FAMILY = "1,2";
			};
			name = Release;
		};
/* End XCBuildConfiguration section */

/* Begin XCConfigurationList section */
		8319F24F2C125BE3004C6EE9 /* Build configuration list for PBXProject "AdoptaUnPerroSwift" */ = {
			isa = XCConfigurationList;
			buildConfigurations = (
				8319F2662C125BE5004C6EE9 /* Debug */,
				8319F2672C125BE5004C6EE9 /* Release */,
			);
			defaultConfigurationIsVisible = 0;
			defaultConfigurationName = Release;
		};
		8319F2682C125BE5004C6EE9 /* Build configuration list for PBXNativeTarget "AdoptaUnPerroSwift" */ = {
			isa = XCConfigurationList;
			buildConfigurations = (
				8319F2692C125BE5004C6EE9 /* Debug */,
				8319F26A2C125BE5004C6EE9 /* Release */,
			);
			defaultConfigurationIsVisible = 0;
			defaultConfigurationName = Release;
		};
/* End XCConfigurationList section */
	};
	rootObject = 8319F24C2C125BE3004C6EE9 /* Project object */;
}
